{
    "_readme": [
        "This file locks the dependencies of your project to a known state",
        "Read more about it at https://getcomposer.org/doc/01-basic-usage.md#installing-dependencies",
        "This file is @generated automatically"
    ],
    "content-hash": "49fa950681ef4112e99b96b5ce5b4add",
    "packages": [
        {
            "name": "container-interop/container-interop",
            "version": "1.2.0",
            "source": {
                "type": "git",
                "url": "https://github.com/container-interop/container-interop.git",
                "reference": "79cbf1341c22ec75643d841642dd5d6acd83bdb8"
            },
            "dist": {
                "type": "zip",
                "url": "https://api.github.com/repos/container-interop/container-interop/zipball/79cbf1341c22ec75643d841642dd5d6acd83bdb8",
                "reference": "79cbf1341c22ec75643d841642dd5d6acd83bdb8",
                "shasum": ""
            },
            "require": {
                "psr/container": "^1.0"
            },
            "type": "library",
            "autoload": {
                "psr-4": {
                    "Interop\\Container\\": "src/Interop/Container/"
                }
            },
            "notification-url": "https://packagist.org/downloads/",
            "license": [
                "MIT"
            ],
            "description": "Promoting the interoperability of container objects (DIC, SL, etc.)",
            "homepage": "https://github.com/container-interop/container-interop",
            "time": "2017-02-14T19:40:03+00:00"
        },
        {
            "name": "mxc-commons/mxc-servicemanager",
            "version": "1.1.0",
            "source": {
                "type": "git",
                "url": "https://github.com/mxc-commons/mxc-servicemanager.git",
                "reference": "547a9ed579b96d32cb54db5723510d75fcad71be"
            },
            "dist": {
                "type": "zip",
                "url": "https://api.github.com/repos/mxc-commons/mxc-servicemanager/zipball/547a9ed579b96d32cb54db5723510d75fcad71be",
                "reference": "547a9ed579b96d32cb54db5723510d75fcad71be",
                "shasum": ""
            },
            "require": {
                "container-interop/container-interop": "^1.2",
                "php": "^7.1",
                "psr/container": "^1.0",
                "zendframework/zend-stdlib": "^3.2"
            },
            "provide": {
                "container-interop/container-interop-implementation": "^1.2",
                "psr/container-implementation": "^1.0"
            },
            "replace": {
                "zendframework/zend-servicemanager": "3.*"
            },
            "require-dev": {
                "mikey179/vfsstream": "^1.6.5",
                "ocramius/proxy-manager": "^2.2.0",
                "phpbench/phpbench": "0.15.0",
                "phpunit/phpunit": "^6.5.7",
                "zendframework/zend-coding-standard": "~1.0.0"
            },
            "suggest": {
                "ocramius/proxy-manager": "ProxyManager ^2.2.0 to handle lazy initialization of services",
                "zendframework/zend-stdlib": "zend-stdlib ^2.7.7 | ^3.1 if you wish to use the MergeReplaceKey or MergeRemoveKey features in Config instances"
            },
            "bin": [
                "bin/generate-deps-for-config-factory",
                "bin/generate-factory-for-class"
            ],
            "type": "library",
            "extra": {
                "branch-alias": {
                    "dev-master": "0.9.x-dev"
                }
            },
            "autoload": {
                "psr-4": {
                    "Zend\\ServiceManager\\": "src/"
                }
            },
            "notification-url": "https://packagist.org/downloads/",
            "license": [
                "BSD-3-Clause"
            ],
            "description": "Zend ServiceManager 3.2 refactored for much better performance.",
            "keywords": [
                "PSR-11",
                "ZendFramework",
                "dependency-injection",
                "di",
                "dic",
                "mxc-commons",
                "service-manager",
                "servicemanager",
                "servicemanager-component",
                "services",
                "zf"
            ],
            "time": "2018-12-10T18:15:31+00:00"
        },
        {
            "name": "psr/container",
            "version": "1.0.0",
            "source": {
                "type": "git",
                "url": "https://github.com/php-fig/container.git",
                "reference": "b7ce3b176482dbbc1245ebf52b181af44c2cf55f"
            },
            "dist": {
                "type": "zip",
                "url": "https://api.github.com/repos/php-fig/container/zipball/b7ce3b176482dbbc1245ebf52b181af44c2cf55f",
                "reference": "b7ce3b176482dbbc1245ebf52b181af44c2cf55f",
                "shasum": ""
            },
            "require": {
                "php": ">=5.3.0"
            },
            "type": "library",
            "extra": {
                "branch-alias": {
                    "dev-master": "1.0.x-dev"
                }
            },
            "autoload": {
                "psr-4": {
                    "Psr\\Container\\": "src/"
                }
            },
            "notification-url": "https://packagist.org/downloads/",
            "license": [
                "MIT"
            ],
            "authors": [
                {
                    "name": "PHP-FIG",
                    "homepage": "http://www.php-fig.org/"
                }
            ],
            "description": "Common Container Interface (PHP FIG PSR-11)",
            "homepage": "https://github.com/php-fig/container",
            "keywords": [
                "PSR-11",
                "container",
                "container-interface",
                "container-interop",
                "psr"
            ],
            "time": "2017-02-14T16:28:37+00:00"
        },
        {
            "name": "psr/log",
            "version": "1.1.0",
            "source": {
                "type": "git",
                "url": "https://github.com/php-fig/log.git",
                "reference": "6c001f1daafa3a3ac1d8ff69ee4db8e799a654dd"
            },
            "dist": {
                "type": "zip",
                "url": "https://api.github.com/repos/php-fig/log/zipball/6c001f1daafa3a3ac1d8ff69ee4db8e799a654dd",
                "reference": "6c001f1daafa3a3ac1d8ff69ee4db8e799a654dd",
                "shasum": ""
            },
            "require": {
                "php": ">=5.3.0"
            },
            "type": "library",
            "extra": {
                "branch-alias": {
                    "dev-master": "1.0.x-dev"
                }
            },
            "autoload": {
                "psr-4": {
                    "Psr\\Log\\": "Psr/Log/"
                }
            },
            "notification-url": "https://packagist.org/downloads/",
            "license": [
                "MIT"
            ],
            "authors": [
                {
                    "name": "PHP-FIG",
                    "homepage": "http://www.php-fig.org/"
                }
            ],
            "description": "Common interface for logging libraries",
            "homepage": "https://github.com/php-fig/log",
            "keywords": [
                "log",
                "psr",
                "psr-3"
            ],
            "time": "2018-11-20T15:27:04+00:00"
        },
        {
            "name": "zendframework/zend-config",
            "version": "3.3.0",
            "source": {
                "type": "git",
                "url": "https://github.com/zendframework/zend-config.git",
                "reference": "012341361ae3cc97a99959e7cb7c9ebd04d49572"
            },
            "dist": {
                "type": "zip",
                "url": "https://api.github.com/repos/zendframework/zend-config/zipball/012341361ae3cc97a99959e7cb7c9ebd04d49572",
                "reference": "012341361ae3cc97a99959e7cb7c9ebd04d49572",
                "shasum": ""
            },
            "require": {
                "ext-json": "*",
                "php": "^5.6 || ^7.0",
                "psr/container": "^1.0",
                "zendframework/zend-stdlib": "^2.7.7 || ^3.1"
            },
            "conflict": {
                "container-interop/container-interop": "<1.2.0"
            },
            "require-dev": {
                "malukenho/docheader": "^0.1.6",
                "phpunit/phpunit": "^5.7.27 || ^6.5.8 || ^7.1.2",
                "zendframework/zend-coding-standard": "~1.0.0",
                "zendframework/zend-filter": "^2.7.2",
                "zendframework/zend-i18n": "^2.7.4",
                "zendframework/zend-servicemanager": "^2.7.8 || ^3.3"
            },
            "suggest": {
                "zendframework/zend-filter": "^2.7.2; install if you want to use the Filter processor",
                "zendframework/zend-i18n": "^2.7.4; install if you want to use the Translator processor",
                "zendframework/zend-servicemanager": "^2.7.8 || ^3.3; if you need an extensible plugin manager for use with the Config Factory"
            },
            "type": "library",
            "extra": {
                "branch-alias": {
                    "dev-master": "3.3.x-dev",
                    "dev-develop": "3.4.x-dev"
                }
            },
            "autoload": {
                "psr-4": {
                    "Zend\\Config\\": "src/"
                }
            },
            "notification-url": "https://packagist.org/downloads/",
            "license": [
                "BSD-3-Clause"
            ],
            "description": "provides a nested object property based user interface for accessing this configuration data within application code",
            "keywords": [
                "ZendFramework",
                "config",
                "zf"
            ],
            "time": "2019-06-08T18:58:54+00:00"
        },
        {
            "name": "zendframework/zend-eventmanager",
            "version": "3.2.1",
            "source": {
                "type": "git",
                "url": "https://github.com/zendframework/zend-eventmanager.git",
                "reference": "a5e2583a211f73604691586b8406ff7296a946dd"
            },
            "dist": {
                "type": "zip",
                "url": "https://api.github.com/repos/zendframework/zend-eventmanager/zipball/a5e2583a211f73604691586b8406ff7296a946dd",
                "reference": "a5e2583a211f73604691586b8406ff7296a946dd",
                "shasum": ""
            },
            "require": {
                "php": "^5.6 || ^7.0"
            },
            "require-dev": {
                "athletic/athletic": "^0.1",
                "container-interop/container-interop": "^1.1.0",
                "phpunit/phpunit": "^5.7.27 || ^6.5.8 || ^7.1.2",
                "zendframework/zend-coding-standard": "~1.0.0",
                "zendframework/zend-stdlib": "^2.7.3 || ^3.0"
            },
            "suggest": {
                "container-interop/container-interop": "^1.1.0, to use the lazy listeners feature",
                "zendframework/zend-stdlib": "^2.7.3 || ^3.0, to use the FilterChain feature"
            },
            "type": "library",
            "extra": {
                "branch-alias": {
                    "dev-master": "3.2-dev",
                    "dev-develop": "3.3-dev"
                }
            },
            "autoload": {
                "psr-4": {
                    "Zend\\EventManager\\": "src/"
                }
            },
            "notification-url": "https://packagist.org/downloads/",
            "license": [
                "BSD-3-Clause"
            ],
            "description": "Trigger and listen to events within a PHP application",
            "homepage": "https://github.com/zendframework/zend-eventmanager",
            "keywords": [
                "event",
                "eventmanager",
                "events",
                "zf2"
            ],
            "time": "2018-04-25T15:33:34+00:00"
        },
        {
            "name": "zendframework/zend-filter",
            "version": "2.9.1",
            "source": {
                "type": "git",
                "url": "https://github.com/zendframework/zend-filter.git",
                "reference": "1c3e6d02f9cd5f6c929c9859498f5efbe216e86f"
            },
            "dist": {
                "type": "zip",
                "url": "https://api.github.com/repos/zendframework/zend-filter/zipball/1c3e6d02f9cd5f6c929c9859498f5efbe216e86f",
                "reference": "1c3e6d02f9cd5f6c929c9859498f5efbe216e86f",
                "shasum": ""
            },
            "require": {
                "php": "^5.6 || ^7.0",
                "zendframework/zend-stdlib": "^2.7.7 || ^3.1"
            },
            "conflict": {
                "zendframework/zend-validator": "<2.10.1"
            },
            "require-dev": {
                "pear/archive_tar": "^1.4.3",
                "phpunit/phpunit": "^5.7.23 || ^6.4.3",
                "psr/http-factory": "^1.0",
                "zendframework/zend-coding-standard": "~1.0.0",
                "zendframework/zend-crypt": "^3.2.1",
                "zendframework/zend-servicemanager": "^2.7.8 || ^3.3",
                "zendframework/zend-uri": "^2.6"
            },
            "suggest": {
                "psr/http-factory-implementation": "psr/http-factory-implementation, for creating file upload instances when consuming PSR-7 in file upload filters",
                "zendframework/zend-crypt": "Zend\\Crypt component, for encryption filters",
                "zendframework/zend-i18n": "Zend\\I18n component for filters depending on i18n functionality",
                "zendframework/zend-servicemanager": "Zend\\ServiceManager component, for using the filter chain functionality",
                "zendframework/zend-uri": "Zend\\Uri component, for the UriNormalize filter"
            },
            "type": "library",
            "extra": {
                "branch-alias": {
                    "dev-master": "2.9.x-dev",
                    "dev-develop": "2.10.x-dev"
                },
                "zf": {
                    "component": "Zend\\Filter",
                    "config-provider": "Zend\\Filter\\ConfigProvider"
                }
            },
            "autoload": {
                "psr-4": {
                    "Zend\\Filter\\": "src/"
                }
            },
            "notification-url": "https://packagist.org/downloads/",
            "license": [
                "BSD-3-Clause"
            ],
            "description": "provides a set of commonly needed data filters",
            "keywords": [
                "ZendFramework",
                "filter",
                "zf"
            ],
            "time": "2018-12-17T16:00:04+00:00"
        },
        {
            "name": "zendframework/zend-log",
            "version": "2.10.0",
            "source": {
                "type": "git",
                "url": "https://github.com/zendframework/zend-log.git",
                "reference": "9cec3b092acb39963659c2f32441cccc56b3f430"
            },
            "dist": {
                "type": "zip",
                "url": "https://api.github.com/repos/zendframework/zend-log/zipball/9cec3b092acb39963659c2f32441cccc56b3f430",
                "reference": "9cec3b092acb39963659c2f32441cccc56b3f430",
                "shasum": ""
            },
            "require": {
                "php": "^5.6 || ^7.0",
                "psr/log": "^1.0",
                "zendframework/zend-servicemanager": "^2.7.5 || ^3.0.3",
                "zendframework/zend-stdlib": "^2.7 || ^3.0"
            },
            "provide": {
                "psr/log-implementation": "1.0.0"
            },
            "require-dev": {
                "mikey179/vfsstream": "^1.6",
                "phpunit/phpunit": "^5.7.15 || ^6.0.8",
                "zendframework/zend-coding-standard": "~1.0.0",
                "zendframework/zend-db": "^2.6",
                "zendframework/zend-escaper": "^2.5",
                "zendframework/zend-filter": "^2.5",
                "zendframework/zend-mail": "^2.6.1",
                "zendframework/zend-validator": "^2.10.1"
            },
            "suggest": {
                "ext-mongo": "mongo extension to use Mongo writer",
                "ext-mongodb": "mongodb extension to use MongoDB writer",
                "zendframework/zend-console": "Zend\\Console component to use the RequestID log processor",
                "zendframework/zend-db": "Zend\\Db component to use the database log writer",
                "zendframework/zend-escaper": "Zend\\Escaper component, for use in the XML log formatter",
                "zendframework/zend-mail": "Zend\\Mail component to use the email log writer",
                "zendframework/zend-validator": "Zend\\Validator component to block invalid log messages"
            },
            "type": "library",
            "extra": {
                "branch-alias": {
                    "dev-master": "2.10.x-dev",
                    "dev-develop": "2.11.x-dev"
                },
                "zf": {
                    "component": "Zend\\Log",
                    "config-provider": "Zend\\Log\\ConfigProvider"
                }
            },
            "autoload": {
                "psr-4": {
                    "Zend\\Log\\": "src/"
                }
            },
            "notification-url": "https://packagist.org/downloads/",
            "license": [
                "BSD-3-Clause"
            ],
            "description": "component for general purpose logging",
            "homepage": "https://github.com/zendframework/zend-log",
            "keywords": [
                "log",
                "logging",
                "zf2"
            ],
            "time": "2018-04-09T21:59:51+00:00"
        },
        {
            "name": "zendframework/zend-stdlib",
            "version": "3.2.1",
            "source": {
                "type": "git",
                "url": "https://github.com/zendframework/zend-stdlib.git",
                "reference": "66536006722aff9e62d1b331025089b7ec71c065"
            },
            "dist": {
                "type": "zip",
                "url": "https://api.github.com/repos/zendframework/zend-stdlib/zipball/66536006722aff9e62d1b331025089b7ec71c065",
                "reference": "66536006722aff9e62d1b331025089b7ec71c065",
                "shasum": ""
            },
            "require": {
                "php": "^5.6 || ^7.0"
            },
            "require-dev": {
                "phpbench/phpbench": "^0.13",
                "phpunit/phpunit": "^5.7.27 || ^6.5.8 || ^7.1.2",
                "zendframework/zend-coding-standard": "~1.0.0"
            },
            "type": "library",
            "extra": {
                "branch-alias": {
                    "dev-master": "3.2.x-dev",
                    "dev-develop": "3.3.x-dev"
                }
            },
            "autoload": {
                "psr-4": {
                    "Zend\\Stdlib\\": "src/"
                }
            },
            "notification-url": "https://packagist.org/downloads/",
            "license": [
                "BSD-3-Clause"
            ],
            "description": "SPL extensions, array utilities, error handlers, and more",
            "keywords": [
                "ZendFramework",
                "stdlib",
                "zf"
            ],
            "time": "2018-08-28T21:34:05+00:00"
        }
    ],
    "packages-dev": [],
    "aliases": [],
    "minimum-stability": "stable",
    "stability-flags": [],
    "prefer-stable": false,
    "prefer-lowest": false,
    "platform": {
        "php": "^7.2"
    },
    "platform-dev": []
}
